{
  "nodes": {
    "audioshare": {
      "flake": false,
      "locked": {
        "lastModified": 1741272970,
        "narHash": "sha256-WTyRgPZgtIn0WJl2+KFiona1DKQVTHT2lTHFvNzvu+E=",
        "type": "tarball",
        "url": "https://github.com/mkckr0/audio-share/releases/download/v0.3.4/audio-share-server-cmd-linux.tar.gz"
      },
      "original": {
        "type": "tarball",
        "url": "https://github.com/mkckr0/audio-share/releases/download/v0.3.4/audio-share-server-cmd-linux.tar.gz"
      }
    },
    "nixosHardware": {
      "inputs": {
        "nixpkgs": "nixpkgs"
      },
      "locked": {
        "lastModified": 1785232496,
        "narHash": "sha256-65EQYIRRpTdpH8lUiB6Mvo5uBkG60aBIzAJuALfx+O0=",
        "owner": "NixOS",
        "repo": "nixos-hardware",
        "rev": "2e790b0a6be8ec2b76174ac0931b8ff11919ec98",
        "type": "github"
      },
      "original": {
        "owner": "NixOS",
        "ref": "master",
        "repo": "nixos-hardware",
        "type": "github"
      }
    },
    "nixpkgs": {
      "locked": {
        "lastModified": 1767892417,
        "narHash": "sha256-8bW3q88CEg2u4hSP66Vf4lpbLonHz7hqDNBMcCY7E9U=",
        "rev": "3497aa5c9457a9d88d71fa93a4a8368816fbeeba",
        "type": "tarball",
        "url": "https://releases.nixos.org/nixos/unstable/nixos-26.05pre924538.3497aa5c9457/nixexprs.tar.xz"
      },
      "original": {
        "type": "tarball",
        "url": "https://channels.nixos.org/nixos-unstable/nixexprs.tar.xz"
      }
    },
    "nixpkgsUnstable": {
      "locked": {
        "lastModified": 1785967620,
        "narHash": "sha256-IItrdb7Puk05RqOBWZYFC5X6Wl1sJmCfh5MWVHw5iMM=",
        "owner": "NixOS",
        "repo": "nixpkgs",
        "rev": "b7c2ada94fe99c15b0dbcf4d11fd7850b957a436",
        "type": "github"
      },
      "original": {
        "owner": "NixOS",
        "ref": "nixos-unstable",
        "repo": "nixpkgs",
        "type": "github"
      }
    },
    "nixpkgs_2": {
      "locked": {
        "lastModified": 1785989512,
        "narHash": "sha256-HFQhkQcl5D1hUNoen3SGHCSFCt2Bg6uP+HgbrnA3InQ=",
        "owner": "NixOS",
        "repo": "nixpkgs",
        "rev": "445d861c6d31b4af0c79d8d4be2331f762a361d7",
        "type": "github"
      },
      "original": {
        "owner": "NixOS",
        "ref": "nixos-26.05",
        "repo": "nixpkgs",
        "type": "github"
      }
    },
    "nixpkgs_3": {
      "locked": {
        "lastModified": 1767051569,
        "narHash": "sha256-0MnuWoN+n1UYaGBIpqpPs9I9ZHW4kynits4mrnh1Pk4=",
        "owner": "NixOS",
        "repo": "nixpkgs",
        "rev": "40ee5e1944bebdd128f9fbada44faefddfde29bd",
        "type": "github"
      },
      "original": {
        "owner": "NixOS",
        "ref": "nixos-25.05",
        "repo": "nixpkgs",
        "type": "github"
      }
    },
    "pomo": {
      "flake": false,
      "locked": {
        "lastModified": 1773439417,
        "narHash": "sha256-gQ7bHQGaQPujpOwVdcwKgiYQjUECi/Pjt5LKwa1v1J8=",
        "ref": "refs/heads/main",
        "rev": "d2c59a04f1a23eb3897ac4fb31ecc7cd7c23c182",
        "revCount": 158,
        "type": "git",
        "url": "https://github.com/Bahaaio/pomo.git"
      },
      "original": {
        "type": "git",
        "url": "https://github.com/Bahaaio/pomo.git"
      }
    },
    "root": {
      "inputs": {
        "nixosHardware": "nixosHardware",
        "nixpkgs": "nixpkgs_2",
        "nixpkgsUnstable": "nixpkgsUnstable",
        "xansapkgs": "xansapkgs"
      }
    },
    "xansapkgs": {
      "inputs": {
        "audioshare": "audioshare",
        "nixpkgs": "nixpkgs_3",
        "pomo": "pomo"
      },
      "locked": {
        "lastModified": 1777693503,
        "narHash": "sha256-EoG+qlHy1LLj8FJD2z+eiCQn9o4X/xRqdZFBoJ1z3/8=",
        "owner": "pdas2711",
        "repo": "xansapkgs",
        "rev": "794c854a85544c81a9f603fa680ea6c80343bbde",
        "type": "github"
      },
      "original": {
        "owner": "pdas2711",
        "repo": "xansapkgs",
        "type": "github"
      }
    }
  },
  "root": "root",
  "version": 7
}
